
Microsoft Visual Studio Solution File, Format Version 12.00
# Visual Studio 2012
Project("{FAE04EC0-301F-11D3-BF4B-00C04F79EFBC}") = "Portfolio", "Portfolio\Portfolio.csproj", "{6A85D5A2-8382-405B-9B5B-2E0C4BE0C9CF}"
EndProject
Global
	GlobalSection(SolutionConfigurationPlatforms) = preSolution
		Debug|Any CPU = Debug|Any CPU
		Release|Any CPU = Release|Any CPU
	EndGlobalSection
	GlobalSection(ProjectConfigurationPlatforms) = postSolution
		{6A85D5A2-8382-405B-9B5B-2E0C4BE0C9CF}.Debug|Any CPU.ActiveCfg = Debug|Any CPU
		{6A85D5A2-8382-405B-9B5B-2E0C4BE0C9CF}.Debug|Any CPU.Build.0 = Debug|Any CPU
		{6A85D5A2-8382-405B-9B5B-2E0C4BE0C9CF}.Release|Any CPU.ActiveCfg = Release|Any CPU
		{6A85D5A2-8382-405B-9B5B-2E0C4BE0C9CF}.Release|Any CPU.Build.0 = Release|Any CPU
	EndGlobalSection
EndGlobal
